
Microsoft Visual Studio Solution File, Format Version 12.00
# Visual Studio Version 18
VisualStudioVersion = 18.0.11205.157
MinimumVisualStudioVersion = 10.0.40219.1
Project("{FAE04EC0-301F-11D3-BF4B-00C04F79EFBC}") = "Cw.Branding.Web", "Cw.Branding.Web\Cw.Branding.Web.csproj", "{D110BCEE-67BD-4FF9-808B-C87D6BDAEFDA}"
EndProject
Global
	GlobalSection(SolutionConfigurationPlatforms) = preSolution
		Debug|Any CPU = Debug|Any CPU
		Release|Any CPU = Release|Any CPU
	EndGlobalSection
	GlobalSection(ProjectConfigurationPlatforms) = postSolution
		{D110BCEE-67BD-4FF9-808B-C87D6BDAEFDA}.Debug|Any CPU.ActiveCfg = Debug|Any CPU
		{D110BCEE-67BD-4FF9-808B-C87D6BDAEFDA}.Debug|Any CPU.Build.0 = Debug|Any CPU
		{D110BCEE-67BD-4FF9-808B-C87D6BDAEFDA}.Release|Any CPU.ActiveCfg = Release|Any CPU
		{D110BCEE-67BD-4FF9-808B-C87D6BDAEFDA}.Release|Any CPU.Build.0 = Release|Any CPU
	EndGlobalSection
	GlobalSection(SolutionProperties) = preSolution
		HideSolutionNode = FALSE
	EndGlobalSection
	GlobalSection(ExtensibilityGlobals) = postSolution
		SolutionGuid = {3C6E3BDB-37EE-41BD-BC69-755E389E13FF}
	EndGlobalSection
EndGlobal
